{
  "name": "@web-atoms/email-dom",
  "version": "1.0.19",
  "lockfileVersion": 2,
  "requires": true,
  "packages": {
    "": {
      "name": "@web-atoms/email-dom",
      "version": "1.0.19",
      "license": "ISC",
      "dependencies": {
        "@web-atoms/core": "^2.2.83",
        "reflect-metadata": "^0.1.13",
        "tslib": "^2.5.0"
      }
    },
    "node_modules/@web-atoms/core": {
      "version": "2.2.83",
      "resolved": "https://registry.npmjs.org/@web-atoms/core/-/core-2.2.83.tgz",
      "integrity": "sha512-lirBVxLlDtIPjcBmCiMSU4smpPVbFF3eFE5Pa4CM7f8XMKysOGfCCw8bI8moj7gHWND47wo0fwpKsbcfDm0QAQ==",
      "dependencies": {
        "@web-atoms/date-time": "^1.1.1",
        "reflect-metadata": "^0.1.13"
      }
    },
    "node_modules/@web-atoms/date-time": {
      "version": "1.1.1",
      "resolved": "https://registry.npmjs.org/@web-atoms/date-time/-/date-time-1.1.1.tgz",
      "integrity": "sha512-zQjCKVsLYQ3hFO3X00SmAjc2zJbqByhGWwZ8rYqmjklwQmVQNrO+WcPX2f5lUEleMGXbg5euBlKG/NsjaDMVcQ=="
    },
    "node_modules/reflect-metadata": {
      "version": "0.1.13",
      "resolved": "https://registry.npmjs.org/reflect-metadata/-/reflect-metadata-0.1.13.tgz",
      "integrity": "sha512-Ts1Y/anZELhSsjMcU605fU9RE4Oi3p5ORujwbIKXfWa+0Zxs510Qrmrce5/Jowq3cHSZSJqBjypxmHarc+vEWg=="
    },
    "node_modules/tslib": {
      "version": "2.5.0",
      "resolved": "https://registry.npmjs.org/tslib/-/tslib-2.5.0.tgz",
      "integrity": "sha512-336iVw3rtn2BUK7ORdIAHTyxHGRIHVReokCR3XjbckJMK7ms8FysBfhLR8IXnAgy7T0PTPNBWKiH514FOW/WSg=="
    }
  },
  "dependencies": {
    "@web-atoms/core": {
      "version": "2.2.83",
      "resolved": "https://registry.npmjs.org/@web-atoms/core/-/core-2.2.83.tgz",
      "integrity": "sha512-lirBVxLlDtIPjcBmCiMSU4smpPVbFF3eFE5Pa4CM7f8XMKysOGfCCw8bI8moj7gHWND47wo0fwpKsbcfDm0QAQ==",
      "requires": {
        "@web-atoms/date-time": "^1.1.1",
        "reflect-metadata": "^0.1.13"
      }
    },
    "@web-atoms/date-time": {
      "version": "1.1.1",
      "resolved": "https://registry.npmjs.org/@web-atoms/date-time/-/date-time-1.1.1.tgz",
      "integrity": "sha512-zQjCKVsLYQ3hFO3X00SmAjc2zJbqByhGWwZ8rYqmjklwQmVQNrO+WcPX2f5lUEleMGXbg5euBlKG/NsjaDMVcQ=="
    },
    "reflect-metadata": {
      "version": "0.1.13",
      "resolved": "https://registry.npmjs.org/reflect-metadata/-/reflect-metadata-0.1.13.tgz",
      "integrity": "sha512-Ts1Y/anZELhSsjMcU605fU9RE4Oi3p5ORujwbIKXfWa+0Zxs510Qrmrce5/Jowq3cHSZSJqBjypxmHarc+vEWg=="
    },
    "tslib": {
      "version": "2.5.0",
      "resolved": "https://registry.npmjs.org/tslib/-/tslib-2.5.0.tgz",
      "integrity": "sha512-336iVw3rtn2BUK7ORdIAHTyxHGRIHVReokCR3XjbckJMK7ms8FysBfhLR8IXnAgy7T0PTPNBWKiH514FOW/WSg=="
    }
  }
}
